alembic==1.13.3 \
    --hash=sha256:203503117415561e203aa14541740643a611f641517f0209fcae63e9fa09f1a2 \
    --hash=sha256:908e905976d15235fae59c9ac42c4c5b75cfcefe3d27c0fbf7ae15a37715d80e
    # via -r requirements-local.txt
annotated-types==0.8.0 \
    --hash=sha256:13b2beaad985e05e2d6407ee4c4f35590b11f8d693a258a561055cac8f64cab7 \
    --hash=sha256:f072f4d804ea359e4eaf198b1af7a8b0943881a87f31bb764f8bf219bb9419e0
    # via pydantic
anyio==4.15.1 \
    --hash=sha256:6152fdbbf9a77fdec97731721bebf7c4c44f7c29b424b0065826173efc7ed101 \
    --hash=sha256:9f28306018cbd6d329e64a36d58256edff76dd996fe423bc957326e578b82a94
    # via
    #   httpx
    #   starlette
bcrypt==4.2.0 \
    --hash=sha256:096a15d26ed6ce37a14c1ac1e48119660f21b24cba457f160a4b830f3fe6b5cb \
    --hash=sha256:0da52759f7f30e83f1e30a888d9163a81353ef224d82dc58eb5bb52efcabc399 \
    --hash=sha256:1bb429fedbe0249465cdd85a58e8376f31bb315e484f16e68ca4c786dcc04291 \
    --hash=sha256:1d84cf6d877918620b687b8fd1bf7781d11e8a0998f576c7aa939776b512b98d \
    --hash=sha256:1ee38e858bf5d0287c39b7a1fc59eec64bbf880c7d504d3a06a96c16e14058e7 \
    --hash=sha256:1ff39b78a52cf03fdf902635e4c81e544714861ba3f0efc56558979dd4f09170 \
    --hash=sha256:27fe0f57bb5573104b5a6de5e4153c60814c711b29364c10a75a54bb6d7ff48d \
    --hash=sha256:3413bd60460f76097ee2e0a493ccebe4a7601918219c02f503984f0a7ee0aebe \
    --hash=sha256:3698393a1b1f1fd5714524193849d0c6d524d33523acca37cd28f02899285060 \
    --hash=sha256:373db9abe198e8e2c70d12b479464e0d5092cc122b20ec504097b5f2297ed184 \
    --hash=sha256:39e1d30c7233cfc54f5c3f2c825156fe044efdd3e0b9d309512cc514a263ec2a \
    --hash=sha256:3bbbfb2734f0e4f37c5136130405332640a1e46e6b23e000eeff2ba8d005da68 \
    --hash=sha256:3d3a6d28cb2305b43feac298774b997e372e56c7c7afd90a12b3dc49b189151c \
    --hash=sha256:5a1e8aa9b28ae28020a3ac4b053117fb51c57a010b9f969603ed885f23841458 \
    --hash=sha256:61ed14326ee023917ecd093ee6ef422a72f3aec6f07e21ea5f10622b735538a9 \
    --hash=sha256:655ea221910bcac76ea08aaa76df427ef8625f92e55a8ee44fbf7753dbabb328 \
    --hash=sha256:762a2c5fb35f89606a9fde5e51392dad0cd1ab7ae64149a8b935fe8d79dd5ed7 \
    --hash=sha256:77800b7147c9dc905db1cba26abe31e504d8247ac73580b4aa179f98e6608f34 \
    --hash=sha256:8ac68872c82f1add6a20bd489870c71b00ebacd2e9134a8aa3f98a0052ab4b0e \
    --hash=sha256:8d7bb9c42801035e61c109c345a28ed7e84426ae4865511eb82e913df18f58c2 \
    --hash=sha256:8f6ede91359e5df88d1f5c1ef47428a4420136f3ce97763e31b86dd8280fbdf5 \
    --hash=sha256:9c1c4ad86351339c5f320ca372dfba6cb6beb25e8efc659bedd918d921956bae \
    --hash=sha256:c02d944ca89d9b1922ceb8a46460dd17df1ba37ab66feac4870f6862a1533c00 \
    --hash=sha256:c52aac18ea1f4a4f65963ea4f9530c306b56ccd0c6f8c8da0c06976e34a6e841 \
    --hash=sha256:cb2a8ec2bc07d3553ccebf0746bbf3d19426d1c6d1adbd4fa48925f66af7b9e8 \
    --hash=sha256:cf69eaf5185fd58f268f805b505ce31f9b9fc2d64b376642164e9244540c1221 \
    --hash=sha256:f4f4acf526fcd1c34e7ce851147deedd4e26e6402369304220250598b26448db
    # via -r requirements-local.txt
certifi==2026.7.22 \
    --hash=sha256:62f22742b58a1a33014a2b6b706588a8d7e2a88ae7bd1a6ebe8c992928483775 \
    --hash=sha256:741e2c3b351ddf169a738da9f2c048608ff7f2c5cc02f1ebc6b118bb090d5d55
    # via
    #   httpcore
    #   httpx
click==8.5.0 \
    --hash=sha256:255bc9599cf7748b4b1a446ccc735421bd08a2ae529a8b88597d3de5664ee360 \
    --hash=sha256:ba0d2089de75ea0310e2dde03160e6ca10009947fb95a182f9b54021bb272e34
    # via uvicorn
dnspython==2.8.0 \
    --hash=sha256:01d9bbc4a2d76bf0db7c1f729812ded6d912bd318d3b1cf81d30c0f845dbf3af \
    --hash=sha256:181d3c6996452cb1189c4046c61599b84a5a86e099562ffde77d26984ff26d0f
    # via email-validator
email-validator==2.2.0 \
    --hash=sha256:561977c2d73ce3611850a06fa56b414621e0c8faa9d66f2611407d87465da631 \
    --hash=sha256:cb690f344c617a714f22e66ae771445a1ceb46821152df8e165c5f9a364582b7
    # via -r requirements-local.txt
et-xmlfile==2.0.0 \
    --hash=sha256:7a91720bc756843502c3b7504c77b8fe44217c85c537d85037f0f536151b2caa \
    --hash=sha256:dab3f4764309081ce75662649be815c4c9081e88f0837825f90fd28317d4da54
    # via openpyxl
fastapi==0.115.0 \
    --hash=sha256:17ea427674467486e997206a5ab25760f6b09e069f099b96f5b55a32fb6f1631 \
    --hash=sha256:f93b4ca3529a8ebc6fc3fcf710e5efa8de3df9b41570958abf1d97d843138004
    # via -r requirements-local.txt
greenlet==3.5.6 \
    --hash=sha256:0616b8f878098c5681fd8f0dc92d887551717402342a70f0abcbfea5f5ad8a44 \
    --hash=sha256:06c0e933290fba8ffe53ead4ae1b8044b0e9754b75cebf381aa2bc3e50d82fac \
    --hash=sha256:128813fc29f2336a21b4d06eedd5e16bcc7ea46f59e9ff1cb30ea70e48195d88 \
    --hash=sha256:188bf333769b7145e2b0b4a7f09615ec550ed44d3a2a8395fb7b36f0e9901e13 \
    --hash=sha256:1c20ea32a73d17b9b60e3371240e17b0068120c98a5ec01a224a7dd8c89733ba \
    --hash=sha256:2ab5f42ac6c238eb71770715e6e909ad9a1a92b6c681ccb64cd5a0f07edb953f \
    --hash=sha256:301102a49120b095e72a7838792b41233975fc1c155daec6d98f81c00c9280e0 \
    --hash=sha256:311018b46472fb26ee85870847fb89eb64cc8aaddb617400789d87076f7cfeec \
    --hash=sha256:3ac3494c381dab876cad7d0b22f3a722f3e0c8deb3a65b9e7f35ad7f58b8fcb3 \
    --hash=sha256:3c6dede9133e1da41d561bc3fb14e92b47e2ce39ae60edefaad145658ea7c5e2 \
    --hash=sha256:3dbb4596a6a4e5d47121a33ff20533a81e60f302d9e67b69909a8bc21a43f0a7 \
    --hash=sha256:3deccbb57a481e3a408fe61cdfd5c13e0678fc0a30fdd09597917ca87b4be877 \
    --hash=sha256:45663c01a4de48b9a64a2ee1509d92d1dfd3afb02b2ccfc9333029d11aef996a \
    --hash=sha256:45bfd2b51e38aaa5f9849f114d9c7c1d75f69187c849b3549cd64c465283abfa \
    --hash=sha256:460e70b033aba8ed47e2ac9b5d0d2157b05a34fbfa30a241400aef4118902cdc \
    --hash=sha256:4fb8e59f68845d56c23c031dcd79c329f345e4a9d2ffac91c3d1ab366bdc457b \
    --hash=sha256:520648db8fb92eef7b3e6013f5a6f901cdf0d6685f639c2f7a245879f865bef7 \
    --hash=sha256:5599b380c1f28efeb724e81569eac80cd92f99a85bd9775456caaf3225d40b11 \
    --hash=sha256:59deccd347735a7774223b05a93773fddbb298aba3cea21be4337fb4752dbe32 \
    --hash=sha256:5a0b2791239c99992a86c1b635b787fe2a877d9eaaa26f8891ce943832b585ae \
    --hash=sha256:5adcbbfe78bdc242c71740a02e0991cc1b2f34d33c8bb15ca45eee8fd1140942 \
    --hash=sha256:5b602b4201b965a8354d74e232364a66ff243dd142e350d035f46169bb36e13d \
    --hash=sha256:5bbda3c70dd35d60671bc33b01916802707a052130d9e50cdb871d34594d35cb \
    --hash=sha256:602024dae6d77e161f4b89491b62ca1d4f19949d79d47b2db057e476d21179d6 \
    --hash=sha256:61a61b4a95a4f97922c3a6f5606d3e360851584bd47e500a5161373c53810e3d \
    --hash=sha256:63aff70fe5aac59c72215f42ec39fcb59ff46774fa966e717f8ecb6ee2273577 \
    --hash=sha256:71890d5247020c25c21a6b65202782bfc281d4e6e244842419d30e3492bb6dcc \
    --hash=sha256:73a29b5ba642e35433166a03a3e02935e7238c4b3467fbd77523b99edea23e5b \
    --hash=sha256:7969bffa322c097bd46ae595ada6a931cefda613f18ba64587e9cff4cb320756 \
    --hash=sha256:7ac4abb3877c43af320392c664774eef6fa2cc063c79a55fc02d844a3cbe7395 \
    --hash=sha256:7f731ebac68ea06d628658295cb2d217b10186329fcf9a3b6a149045059bf92e \
    --hash=sha256:7f924a5a9d5890649566f2f6682e0d8ad8ca23028bacffbbac36dbd7fd680176 \
    --hash=sha256:874cea8bb1ec1ddccbacbd027856f6bf496f6bc18aba97a918c20e067edab236 \
    --hash=sha256:876077e7ebb8c84ed068e2b23d4c62ebb010d60df84b9591af1be2f39010ffb2 \
    --hash=sha256:886bcf1870af74c32bc310fd00a6b803445e17e51b7d5a107c7b35c0f362cc16 \
    --hash=sha256:8b27df301f56e3b3d2298095c8f7d6b68f2521f6b1693e901fa039bdbae34424 \
    --hash=sha256:8b7c73d1cef3d9ae963e9ff03f6222df43efbb9054ffd2f1969c935b7fc84c02 \
    --hash=sha256:8cda13494d86a4f12429641117cb6ac4bbbc9c30a33f711f7d3a2e5fbe4b0b7e \
    --hash=sha256:8cddea1b8339451c2fb3388e138347b6126744f33b611bdb55b7357361cfef46 \
    --hash=sha256:8dba0129b93e7091dfefaf4cf7000172741bff7f47bf6326fcf17f32fbb54d6b \
    --hash=sha256:8e67c43bdfc88d5fee6db0d3e40175b362fc95fb85f0412d233b9b203c53a575 \
    --hash=sha256:9133d68624b1f2e89ec2f554d56aea8a5b0d7168cd9320200ba58d4d794845a4 \
    --hash=sha256:916f92f2a8db10508f739d0b5e00b83defe5d1115a997c54532a6d7cf8c95404 \
    --hash=sha256:9297fb9c39b9a2c039dbcd306c410bd6906b95244dec3bba4318d36c718c164c \
    --hash=sha256:95e7c44d072db623a1aab04ce488cf9533294a77ed9d072cd503a3596f4106ac \
    --hash=sha256:975736b002ed080d124cf81a79cb7e05cb26d6b3f5c7a7b651c0fcce70353aa1 \
    --hash=sha256:97c5a53e8c1754df58e73f047a99e287d4da1bdfe64b0072fb25c87000897951 \
    --hash=sha256:9a09d59bef1db94f384b5bcc2d523694d338f3df6b757aeeaf7baca5d0c0be88 \
    --hash=sha256:a364c1ea75dc51b83a17f52fe0c79cf8bc4ddf740403bebd4581c7666eea017d \
    --hash=sha256:a3b4a01c6da07ef9f80d4fe8933b994bc99747bcea3eab0330a9c34d3c12655b \
    --hash=sha256:a5876d0a60355af98d535c47f6cd6eb0f8a432396dab26845d380b92f8412422 \
    --hash=sha256:a6a4b98a9132e0f45c9fc245a63894cfd8c45fb7a0d6bffc5eab3ec327cf7324 \
    --hash=sha256:a6b4ff33f7e011bbaa148238d131c4fd4f8afbab3c104ddfbdb2b12b74ff7016 \
    --hash=sha256:a93ee7c6e8fd0f8a83525a51bd777be57ee17787e91d805bd8d6faf9dcada18e \
    --hash=sha256:b374e79ffa7511afc11773aef40a4ccea6191fba1c856ea2f9c56738dca69d7a \
    --hash=sha256:b7d501d5eb5d4f67207df364752ad697465b834268744be7581c18d81d35d41d \
    --hash=sha256:c59acfa8eb73a1e0d484392dc002bdf001fd4ce73394e0132df3d1ab6093d7cb \
    --hash=sha256:c75116c9de79949de23006e2d9b35ee82874c594fcf5c0311b439acaa14b8441 \
    --hash=sha256:ca80a49b53ed1d22f7282da7255f7bb2fd1935fd0f623d8613fda38745f18961 \
    --hash=sha256:cad5782f93f7f738b62c6527b6f32a60694d924029f299a8b524758cfa53d815 \
    --hash=sha256:ccadce0130fd813ec86ebfe969a6c58b42acc1d0fe55a47525375b740e07b605 \
    --hash=sha256:d701eab36200c36224833d07dbdb709adb7fd4253429548ddb5e547b8ed40586 \
    --hash=sha256:dad3d233d441a022c1f7155f0fb9d5aff7b97c1ea8c7dfa02cce586b16ab2d0b \
    --hash=sha256:dd0b83bed3405b586a3133629f1d1a5bc7bfd64822a3b7ab342bdc68e6dbc61b \
    --hash=sha256:de3de000d459402cda015068fd135aa50c0bf6f2477a80d4da1e646f123b4e78 \
    --hash=sha256:de9923832f2d8c1a5ecd8d7260465a6ca5a86888a0d129e3bd5cf0406d2fc5bf \
    --hash=sha256:df19e2d0b1620039af5102563fbd96e8938c7f5c3f5828528d641d9fc585525e \
    --hash=sha256:e85880b538e59a59f55117b81f208a6660ad5ac328aad9305f812d9b8bc67a0f \
    --hash=sha256:ee7d9da3bf493909cf811a3f038840cb34fab5ae2956b8a263919f6e289ab188 \
    --hash=sha256:eed88b64a5e5da72d6a71cdc5aaeefaa5ced9b748f8d19f89800b339961dad39 \
    --hash=sha256:f0ba7c2a329d650628f4c8572fd1db29f0a59dd70a3e3e0710dcf18a35cce9d8 \
    --hash=sha256:f8e63209c3e1e828ee6a457529b4a6d8b05d050fe0ae03a7ae49e967c5d312e0 \
    --hash=sha256:f8f0bd690e1a41294ac87905e8121c81a3761ec2583c768f13467428606c8c7a \
    --hash=sha256:f96f0e30b5a95c7631b12bfe214cbc90ec8fe8cfa36920596c10514a65743519 \
    --hash=sha256:f98e8215e172f567ce80eeaed9107fb4d32b6c44f26983d9b8334658136a205a \
    --hash=sha256:f9fe868463ec7e1363733af77e38a5fda3e9b63940337048c945d69e0c80ff24 \
    --hash=sha256:fdacf26402389bdd89857ad3c045a26fe8f3314f9a8b28226f82f88463a65b77 \
    --hash=sha256:fe3170a69fe039b18ad18171e66faa9a75f6fe9d78f968fd9b54e09fbd714d81 \
    --hash=sha256:fea4427d1ffdb3b523d7daa6712038428a4c16c450b9777bdd1221cfee0eab49
    # via sqlalchemy
h11==0.16.0 \
    --hash=sha256:4e35b956cf45792e4caa5885e69fba00bdbc6ffafbfa020300e549b208ee5ff1 \
    --hash=sha256:63cf8bbe7522de3bf65932fda1d9c2772064ffb3dae62d55932da54b31cb6c86
    # via
    #   httpcore
    #   uvicorn
httpcore==1.0.9 \
    --hash=sha256:2d400746a40668fc9dec9810239072b40b4484b640a8c38fd654a024c7a1bf55 \
    --hash=sha256:6e34463af53fd2ab5d807f399a9b45ea31c3dfa2276f15a2c3f00afff6e176e8
    # via httpx
httpx==0.27.2 \
    --hash=sha256:7bb2708e112d8fdd7829cd4243970f0c223274051cb35ee80c03301ee29a3df0 \
    --hash=sha256:f7c2be1d2f3c3c3160d441802406b206c2b76f5947b11115e6df10c6c65e66c2
    # via -r requirements-local.txt
idna==3.20 \
    --hash=sha256:a7db850025b95ded1eae8a46181a1a6c56c92c96f0e2b005d9ff8dc0210cab44 \
    --hash=sha256:ab7ae7122974553370f0bdb919e1a960b2cd1bc1ef0276416d896db81c14582c
    # via
    #   anyio
    #   email-validator
    #   httpx
mako==1.4.3 \
    --hash=sha256:723296007c870bfd6b3f0c3230dba7198096e5269297ebf5e4eff9e7ffa39d4f \
    --hash=sha256:cd6537fe88d5fec315c55c2f8529bc4ce7a9a352ad7db3eeaa6a66e2dd4ec37a
    # via alembic
markupsafe==3.0.3 \
    --hash=sha256:0303439a41979d9e74d18ff5e2dd8c43ed6c6001fd40e5bf2e43f7bd9bbc523f \
    --hash=sha256:068f375c472b3e7acbe2d5318dea141359e6900156b5b2ba06a30b169086b91a \
    --hash=sha256:0bf2a864d67e76e5c9a34dc26ec616a66b9888e25e7b9460e1c76d3293bd9dbf \
    --hash=sha256:0db14f5dafddbb6d9208827849fad01f1a2609380add406671a26386cdf15a19 \
    --hash=sha256:0eb9ff8191e8498cca014656ae6b8d61f39da5f95b488805da4bb029cccbfbaf \
    --hash=sha256:0f4b68347f8c5eab4a13419215bdfd7f8c9b19f2b25520968adfad23eb0ce60c \
    --hash=sha256:1085e7fbddd3be5f89cc898938f42c0b3c711fdcb37d75221de2666af647c175 \
    --hash=sha256:116bb52f642a37c115f517494ea5feb03889e04df47eeff5b130b1808ce7c219 \
    --hash=sha256:12c63dfb4a98206f045aa9563db46507995f7ef6d83b2f68eda65c307c6829eb \
    --hash=sha256:133a43e73a802c5562be9bbcd03d090aa5a1fe899db609c29e8c8d815c5f6de6 \
    --hash=sha256:1353ef0c1b138e1907ae78e2f6c63ff67501122006b0f9abad68fda5f4ffc6ab \
    --hash=sha256:15d939a21d546304880945ca1ecb8a039db6b4dc49b2c5a400387cdae6a62e26 \
    --hash=sha256:177b5253b2834fe3678cb4a5f0059808258584c559193998be2601324fdeafb1 \
    --hash=sha256:1872df69a4de6aead3491198eaf13810b565bdbeec3ae2dc8780f14458ec73ce \
    --hash=sha256:1b4b79e8ebf6b55351f0d91fe80f893b4743f104bff22e90697db1590e47a218 \
    --hash=sha256:1b52b4fb9df4eb9ae465f8d0c228a00624de2334f216f178a995ccdcf82c4634 \
    --hash=sha256:1ba88449deb3de88bd40044603fafffb7bc2b055d626a330323a9ed736661695 \
    --hash=sha256:1cc7ea17a6824959616c525620e387f6dd30fec8cb44f649e31712db02123dad \
    --hash=sha256:218551f6df4868a8d527e3062d0fb968682fe92054e89978594c28e642c43a73 \
    --hash=sha256:26a5784ded40c9e318cfc2bdb30fe164bdb8665ded9cd64d500a34fb42067b1c \
    --hash=sha256:2713baf880df847f2bece4230d4d094280f4e67b1e813eec43b4c0e144a34ffe \
    --hash=sha256:2a15a08b17dd94c53a1da0438822d70ebcd13f8c3a95abe3a9ef9f11a94830aa \
    --hash=sha256:2f981d352f04553a7171b8e44369f2af4055f888dfb147d55e42d29e29e74559 \
    --hash=sha256:32001d6a8fc98c8cb5c947787c5d08b0a50663d139f1305bac5885d98d9b40fa \
    --hash=sha256:3524b778fe5cfb3452a09d31e7b5adefeea8c5be1d43c4f810ba09f2ceb29d37 \
    --hash=sha256:3537e01efc9d4dccdf77221fb1cb3b8e1a38d5428920e0657ce299b20324d758 \
    --hash=sha256:35add3b638a5d900e807944a078b51922212fb3dedb01633a8defc4b01a3c85f \
    --hash=sha256:38664109c14ffc9e7437e86b4dceb442b0096dfe3541d7864d9cbe1da4cf36c8 \
    --hash=sha256:3a7e8ae81ae39e62a41ec302f972ba6ae23a5c5396c8e60113e9066ef893da0d \
    --hash=sha256:3b562dd9e9ea93f13d53989d23a7e775fdfd1066c33494ff43f5418bc8c58a5c \
    --hash=sha256:457a69a9577064c05a97c41f4e65148652db078a3a509039e64d3467b9e7ef97 \
    --hash=sha256:4bd4cd07944443f5a265608cc6aab442e4f74dff8088b0dfc8238647b8f6ae9a \
    --hash=sha256:4e885a3d1efa2eadc93c894a21770e4bc67899e3543680313b09f139e149ab19 \
    --hash=sha256:4faffd047e07c38848ce017e8725090413cd80cbc23d86e55c587bf979e579c9 \
    --hash=sha256:509fa21c6deb7a7a273d629cf5ec029bc209d1a51178615ddf718f5918992ab9 \
    --hash=sha256:5678211cb9333a6468fb8d8be0305520aa073f50d17f089b5b4b477ea6e67fdc \
    --hash=sha256:591ae9f2a647529ca990bc681daebdd52c8791ff06c2bfa05b65163e28102ef2 \
    --hash=sha256:5a7d5dc5140555cf21a6fefbdbf8723f06fcd2f63ef108f2854de715e4422cb4 \
    --hash=sha256:69c0b73548bc525c8cb9a251cddf1931d1db4d2258e9599c28c07ef3580ef354 \
    --hash=sha256:6b5420a1d9450023228968e7e6a9ce57f65d148ab56d2313fcd589eee96a7a50 \
    --hash=sha256:722695808f4b6457b320fdc131280796bdceb04ab50fe1795cd540799ebe1698 \
    --hash=sha256:729586769a26dbceff69f7a7dbbf59ab6572b99d94576a5592625d5b411576b9 \
    --hash=sha256:77f0643abe7495da77fb436f50f8dab76dbc6e5fd25d39589a0f1fe6548bfa2b \
    --hash=sha256:795e7751525cae078558e679d646ae45574b47ed6e7771863fcc079a6171a0fc \
    --hash=sha256:7be7b61bb172e1ed687f1754f8e7484f1c8019780f6f6b0786e76bb01c2ae115 \
    --hash=sha256:7c3fb7d25180895632e5d3148dbdc29ea38ccb7fd210aa27acbd1201a1902c6e \
    --hash=sha256:7e68f88e5b8799aa49c85cd116c932a1ac15caaa3f5db09087854d218359e485 \
    --hash=sha256:83891d0e9fb81a825d9a6d61e3f07550ca70a076484292a70fde82c4b807286f \
    --hash=sha256:8485f406a96febb5140bfeca44a73e3ce5116b2501ac54fe953e488fb1d03b12 \
    --hash=sha256:8709b08f4a89aa7586de0aadc8da56180242ee0ada3999749b183aa23df95025 \
    --hash=sha256:8f71bc33915be5186016f675cd83a1e08523649b0e33efdb898db577ef5bb009 \
    --hash=sha256:915c04ba3851909ce68ccc2b8e2cd691618c4dc4c4232fb7982bca3f41fd8c3d \
    --hash=sha256:949b8d66bc381ee8b007cd945914c721d9aba8e27f71959d750a46f7c282b20b \
    --hash=sha256:94c6f0bb423f739146aec64595853541634bde58b2135f27f61c1ffd1cd4d16a \
    --hash=sha256:9a1abfdc021a164803f4d485104931fb8f8c1efd55bc6b748d2f5774e78b62c5 \
    --hash=sha256:9b79b7a16f7fedff2495d684f2b59b0457c3b493778c9eed31111be64d58279f \
    --hash=sha256:a320721ab5a1aba0a233739394eb907f8c8da5c98c9181d1161e77a0c8e36f2d \
    --hash=sha256:a4afe79fb3de0b7097d81da19090f4df4f8d3a2b3adaa8764138aac2e44f3af1 \
    --hash=sha256:ad2cf8aa28b8c020ab2fc8287b0f823d0a7d8630784c31e9ee5edea20f406287 \
    --hash=sha256:b8512a91625c9b3da6f127803b166b629725e68af71f8184ae7e7d54686a56d6 \
    --hash=sha256:bc51efed119bc9cfdf792cdeaa4d67e8f6fcccab66ed4bfdd6bde3e59bfcbb2f \
    --hash=sha256:bdc919ead48f234740ad807933cdf545180bfbe9342c2bb451556db2ed958581 \
    --hash=sha256:bdd37121970bfd8be76c5fb069c7751683bdf373db1ed6c010162b2a130248ed \
    --hash=sha256:be8813b57049a7dc738189df53d69395eba14fb99345e0a5994914a3864c8a4b \
    --hash=sha256:c0c0b3ade1c0b13b936d7970b1d37a57acde9199dc2aecc4c336773e1d86049c \
    --hash=sha256:c47a551199eb8eb2121d4f0f15ae0f923d31350ab9280078d1e5f12b249e0026 \
    --hash=sha256:c4ffb7ebf07cfe8931028e3e4c85f0357459a3f9f9490886198848f4fa002ec8 \
    --hash=sha256:ccfcd093f13f0f0b7fdd0f198b90053bf7b2f02a3927a30e63f3ccc9df56b676 \
    --hash=sha256:d2ee202e79d8ed691ceebae8e0486bd9a2cd4794cec4824e1c99b6f5009502f6 \
    --hash=sha256:d53197da72cc091b024dd97249dfc7794d6a56530370992a5e1a08983ad9230e \
    --hash=sha256:d6dd0be5b5b189d31db7cda48b91d7e0a9795f31430b7f271219ab30f1d3ac9d \
    --hash=sha256:d88b440e37a16e651bda4c7c2b930eb586fd15ca7406cb39e211fcff3bf3017d \
    --hash=sha256:de8a88e63464af587c950061a5e6a67d3632e36df62b986892331d4620a35c01 \
    --hash=sha256:df2449253ef108a379b8b5d6b43f4b1a8e81a061d6537becd5582fba5f9196d7 \
    --hash=sha256:e1c1493fb6e50ab01d20a22826e57520f1284df32f2d8601fdd90b6304601419 \
    --hash=sha256:e1cf1972137e83c5d4c136c43ced9ac51d0e124706ee1c8aa8532c1287fa8795 \
    --hash=sha256:e2103a929dfa2fcaf9bb4e7c091983a49c9ac3b19c9061b6d5427dd7d14d81a1 \
    --hash=sha256:e56b7d45a839a697b5eb268c82a71bd8c7f6c94d6fd50c3d577fa39a9f1409f5 \
    --hash=sha256:e8afc3f2ccfa24215f8cb28dcf43f0113ac3c37c2f0f0806d8c70e4228c5cf4d \
    --hash=sha256:e8fc20152abba6b83724d7ff268c249fa196d8259ff481f3b1476383f8f24e42 \
    --hash=sha256:eaa9599de571d72e2daf60164784109f19978b327a3910d3e9de8c97b5b70cfe \
    --hash=sha256:ec15a59cf5af7be74194f7ab02d0f59a62bdcf1a537677ce67a2537c9b87fcda \
    --hash=sha256:f190daf01f13c72eac4efd5c430a8de82489d9cff23c364c3ea822545032993e \
    --hash=sha256:f34c41761022dd093b4b6896d4810782ffbabe30f2d443ff5f083e0cbbb8c737 \
    --hash=sha256:f3e98bb3798ead92273dc0e5fd0f31ade220f59a266ffd8a4f6065e0a3ce0523 \
    --hash=sha256:f42d0984e947b8adf7dd6dde396e720934d12c506ce84eea8476409563607591 \
    --hash=sha256:f71a396b3bf33ecaa1626c255855702aca4d3d9fea5e051b41ac59a9c1c41edc \
    --hash=sha256:f9e130248f4462aaa8e2552d547f36ddadbeaa573879158d721bbd33dfe4743a \
    --hash=sha256:fed51ac40f757d41b7c48425901843666a6677e3e8eb0abcff09e4ba6e664f50
    # via mako
openpyxl==3.1.5 \
    --hash=sha256:5282c12b107bffeef825f4617dc029afaf41d0ea60823bbb665ef3079dc79de2 \
    --hash=sha256:cf0e3cf56142039133628b5acffe8ef0c12bc902d2aadd3e0fe5878dc08d1050
    # via -r requirements-local.txt
psycopg==3.2.3 \
    --hash=sha256:644d3973fe26908c73d4be746074f6e5224b03c1101d302d9a53bf565ad64907 \
    --hash=sha256:a5764f67c27bec8bfac85764d23c534af2c27b893550377e37ce59c12aac47a2
    # via -r requirements-local.txt
psycopg-binary==3.2.3 \
    --hash=sha256:0463a11b1cace5a6aeffaf167920707b912b8986a9c7920341c75e3686277920 \
    --hash=sha256:05a1bdce30356e70a05428928717765f4a9229999421013f41338d9680d03a63 \
    --hash=sha256:06b5cc915e57621eebf2393f4173793ed7e3387295f07fed93ed3fb6a6ccf585 \
    --hash=sha256:07d019a786eb020c0f984691aa1b994cb79430061065a694cf6f94056c603d26 \
    --hash=sha256:09baa041856b35598d335b1a74e19a49da8500acedf78164600694c0ba8ce21b \
    --hash=sha256:1303bf8347d6be7ad26d1362af2c38b3a90b8293e8d56244296488ee8591058e \
    --hash=sha256:192a5f8496e6e1243fdd9ac20e117e667c0712f148c5f9343483b84435854c78 \
    --hash=sha256:1985ab05e9abebfbdf3163a16ebb37fbc5d49aff2bf5b3d7375ff0920bbb54cd \
    --hash=sha256:1f8b0d0e99d8e19923e6e07379fa00570be5182c201a8c0b5aaa9a4d4a4ea20b \
    --hash=sha256:257c4aea6f70a9aef39b2a77d0658a41bf05c243e2bf41895eb02220ac6306f3 \
    --hash=sha256:261f0031ee6074765096a19b27ed0f75498a8338c3dcd7f4f0d831e38adf12d1 \
    --hash=sha256:2773f850a778575dd7158a6dd072f7925b67f3ba305e2003538e8831fec77a1d \
    --hash=sha256:2a29f5294b0b6360bfda69653697eff70aaf2908f58d1073b0acd6f6ab5b5a4f \
    --hash=sha256:2bb342a01c76f38a12432848e6013c57eb630103e7556cf79b705b53814c3949 \
    --hash=sha256:2c0419cdad8c70eaeb3116bb28e7b42d546f91baf5179d7556f230d40942dc78 \
    --hash=sha256:3bffb61e198a91f712cc3d7f2d176a697cb05b284b2ad150fb8edb308eba9002 \
    --hash=sha256:41fdec0182efac66b27478ac15ef54c9ebcecf0e26ed467eb7d6f262a913318b \
    --hash=sha256:48f8ca6ee8939bab760225b2ab82934d54330eec10afe4394a92d3f2a0c37dd6 \
    --hash=sha256:4926ea5c46da30bec4a85907aa3f7e4ea6313145b2aa9469fdb861798daf1502 \
    --hash=sha256:4c57615791a337378fe5381143259a6c432cdcbb1d3e6428bfb7ce59fff3fb5c \
    --hash=sha256:4e76ce2475ed4885fe13b8254058be710ec0de74ebd8ef8224cf44a9a3358e5f \
    --hash=sha256:5361ea13c241d4f0ec3f95e0bf976c15e2e451e9cc7ef2e5ccfc9d170b197a40 \
    --hash=sha256:5905729668ef1418bd36fbe876322dcb0f90b46811bba96d505af89e6fbdce2f \
    --hash=sha256:5938b257b04c851c2d1e6cb2f8c18318f06017f35be9a5fe761ee1e2e344dfb7 \
    --hash=sha256:5e37d5027e297a627da3551a1e962316d0f88ee4ada74c768f6c9234e26346d9 \
    --hash=sha256:64a607e630d9f4b2797f641884e52b9f8e239d35943f51bef817a384ec1678fe \
    --hash=sha256:64dc6e9ec64f592f19dc01a784e87267a64a743d34f68488924251253da3c818 \
    --hash=sha256:69320f05de8cdf4077ecd7fefdec223890eea232af0d58f2530cbda2871244a0 \
    --hash=sha256:6d8f2144e0d5808c2e2aed40fbebe13869cd00c2ae745aca4b3b16a435edb056 \
    --hash=sha256:700679c02f9348a0d0a2adcd33a0275717cd0d0aee9d4482b47d935023629505 \
    --hash=sha256:709447bd7203b0b2debab1acec23123eb80b386f6c29e7604a5d4326a11e5bd6 \
    --hash=sha256:71adcc8bc80a65b776510bc39992edf942ace35b153ed7a9c6c573a6849ce308 \
    --hash=sha256:71db8896b942770ed7ab4efa59b22eee5203be2dfdee3c5258d60e57605d688c \
    --hash=sha256:74fbf5dd3ef09beafd3557631e282f00f8af4e7a78fbfce8ab06d9cd5a789aae \
    --hash=sha256:79498df398970abcee3d326edd1d4655de7d77aa9aecd578154f8af35ce7bbd2 \
    --hash=sha256:7ad357e426b0ea5c3043b8ec905546fa44b734bf11d33b3da3959f6e4447d350 \
    --hash=sha256:7d784f614e4d53050cbe8abf2ae9d1aaacf8ed31ce57b42ce3bf2a48a66c3a5c \
    --hash=sha256:80a2337e2dfb26950894c8301358961430a0304f7bfe729d34cc036474e9c9b1 \
    --hash=sha256:824c867a38521d61d62b60aca7db7ca013a2b479e428a0db47d25d8ca5067410 \
    --hash=sha256:842da42a63ecb32612bb7f5b9e9f8617eab9bc23bd58679a441f4150fcc51c96 \
    --hash=sha256:8b7be9a6c06518967b641fb15032b1ed682fd3b0443f64078899c61034a0bca6 \
    --hash=sha256:9099e443d4cc24ac6872e6a05f93205ba1a231b1a8917317b07c9ef2b955f1f4 \
    --hash=sha256:94253be2b57ef2fea7ffe08996067aabf56a1eb9648342c9e3bad9e10c46e045 \
    --hash=sha256:949551752930d5e478817e0b49956350d866b26578ced0042a61967e3fcccdea \
    --hash=sha256:96334bb64d054e36fed346c50c4190bad9d7c586376204f50bede21a913bf942 \
    --hash=sha256:965455eac8547f32b3181d5ec9ad8b9be500c10fe06193543efaaebe3e4ce70c \
    --hash=sha256:967b47a0fd237aa17c2748fdb7425015c394a6fb57cdad1562e46a6eb070f96d \
    --hash=sha256:9994f7db390c17fc2bd4c09dca722fd792ff8a49bb3bdace0c50a83f22f1767d \
    --hash=sha256:9b60b465773a52c7d4705b0a751f7f1cdccf81dd12aee3b921b31a6e76b07b0e \
    --hash=sha256:aeddf7b3b3f6e24ccf7d0edfe2d94094ea76b40e831c16eff5230e040ce3b76b \
    --hash=sha256:c64c4cd0d50d5b2288ab1bcb26c7126c772bbdebdfadcd77225a77df01c4a57e \
    --hash=sha256:cb987f14af7da7c24f803111dbc7392f5070fd350146af3345103f76ea82e339 \
    --hash=sha256:dc4fa2240c9fceddaa815a58f29212826fafe43ce80ff666d38c4a03fb036955 \
    --hash=sha256:e56b1fd529e5dde2d1452a7d72907b37ed1b4f07fdced5d8fb1e963acfff6749 \
    --hash=sha256:e8630943143c6d6ca9aefc88bbe5e76c90553f4e1a3b2dc339e67dc34aa86f7e \
    --hash=sha256:e8eb9a4e394926b93ad919cad1b0a918e9b4c846609e8c1cfb6b743683f64da0 \
    --hash=sha256:e90352d7b610b4693fad0feea48549d4315d10f1eba5605421c92bb834e90170 \
    --hash=sha256:f0b018e37608c3bfc6039a1dc4eb461e89334465a19916be0153c757a78ea426 \
    --hash=sha256:f73adc05452fb85e7a12ed3f69c81540a8875960739082e6ea5e28c373a30774 \
    --hash=sha256:fa33ead69ed133210d96af0c63448b1385df48b9c0247eda735c5896b9e6dbbf \
    --hash=sha256:fc6d87a1c44df8d493ef44988a3ded751e284e02cdf785f746c2d357e99782a6 \
    --hash=sha256:fd40af959173ea0d087b6b232b855cfeaa6738f47cb2a0fd10a7f4fa8b74293f \
    --hash=sha256:fd65774ed7d65101b314808b6893e1a75b7664f680c3ef18d2e5c84d570fa393 \
    --hash=sha256:fda0162b0dbfa5eaed6cdc708179fa27e148cb8490c7d62e5cf30713909658ea
    # via psycopg
pydantic==2.9.2 \
    --hash=sha256:d155cef71265d1e9807ed1c32b4c8deec042a44a50a4188b25ac67ecd81a9c0f \
    --hash=sha256:f048cec7b26778210e28a0459867920654d48e5e62db0958433636cde4254f12
    # via
    #   -r requirements-local.txt
    #   fastapi
    #   pydantic-settings
pydantic-core==2.23.4 \
    --hash=sha256:0a7df63886be5e270da67e0966cf4afbae86069501d35c8c1b3b6c168f42cb36 \
    --hash=sha256:0cb3da3fd1b6a5d0279a01877713dbda118a2a4fc6f0d821a57da2e464793f05 \
    --hash=sha256:0dbd8dbed2085ed23b5c04afa29d8fd2771674223135dc9bc937f3c09284d071 \
    --hash=sha256:0dff76e0602ca7d4cdaacc1ac4c005e0ce0dcfe095d5b5259163a80d3a10d327 \
    --hash=sha256:1278e0d324f6908e872730c9102b0112477a7f7cf88b308e4fc36ce1bdb6d58c \
    --hash=sha256:128585782e5bfa515c590ccee4b727fb76925dd04a98864182b22e89a4e6ed36 \
    --hash=sha256:1498bec4c05c9c787bde9125cfdcc63a41004ff167f495063191b863399b1a29 \
    --hash=sha256:19442362866a753485ba5e4be408964644dd6a09123d9416c54cd49171f50744 \
    --hash=sha256:1b84d168f6c48fabd1f2027a3d1bdfe62f92cade1fb273a5d68e621da0e44e6d \
    --hash=sha256:1e90d2e3bd2c3863d48525d297cd143fe541be8bbf6f579504b9712cb6b643ec \
    --hash=sha256:20152074317d9bed6b7a95ade3b7d6054845d70584216160860425f4fbd5ee9e \
    --hash=sha256:216f9b2d7713eb98cb83c80b9c794de1f6b7e3145eef40400c62e86cee5f4e1e \
    --hash=sha256:233710f069d251feb12a56da21e14cca67994eab08362207785cf8c598e74577 \
    --hash=sha256:255a8ef062cbf6674450e668482456abac99a5583bbafb73f9ad469540a3a232 \
    --hash=sha256:2584f7cf844ac4d970fba483a717dbe10c1c1c96a969bf65d61ffe94df1b2863 \
    --hash=sha256:2971bb5ffe72cc0f555c13e19b23c85b654dd2a8f7ab493c262071377bfce9f6 \
    --hash=sha256:29d2c342c4bc01b88402d60189f3df065fb0dda3654744d5a165a5288a657368 \
    --hash=sha256:2e203fdf807ac7e12ab59ca2bfcabb38c7cf0b33c41efeb00f8e5da1d86af480 \
    --hash=sha256:33e3d65a85a2a4a0dc3b092b938a4062b1a05f3a9abde65ea93b233bca0e03f2 \
    --hash=sha256:374a5e5049eda9e0a44c696c7ade3ff355f06b1fe0bb945ea3cac2bc336478a2 \
    --hash=sha256:37b0fe330e4a58d3c58b24d91d1eb102aeec675a3db4c292ec3928ecd892a9a6 \
    --hash=sha256:3d5639516376dce1940ea36edf408c554475369f5da2abd45d44621cb616f769 \
    --hash=sha256:42c6dcb030aefb668a2b7009c85b27f90e51e6a3b4d5c9bc4c57631292015b0d \
    --hash=sha256:4a7cd62e831afe623fbb7aabbb4fe583212115b3ef38a9f6b71869ba644624a2 \
    --hash=sha256:4ba762ed58e8d68657fc1281e9bb72e1c3e79cc5d464be146e260c541ec12d84 \
    --hash=sha256:4fc714bdbfb534f94034efaa6eadd74e5b93c8fa6315565a222f7b6f42ca1166 \
    --hash=sha256:4ffa2ebd4c8530079140dd2d7f794a9d9a73cbb8e9d59ffe24c63436efa8f271 \
    --hash=sha256:5a1504ad17ba4210df3a045132a7baeeba5a200e930f57512ee02909fc5c4cb5 \
    --hash=sha256:5c364564d17da23db1106787675fc7af45f2f7b58b4173bfdd105564e132e6fb \
    --hash=sha256:5e11661ce0fd30a6790e8bcdf263b9ec5988e95e63cf901972107efc49218b13 \
    --hash=sha256:5f54b118ce5de9ac21c363d9b3caa6c800341e8c47a508787e5868c6b79c9323 \
    --hash=sha256:5f5ff8d839f4566a474a969508fe1c5e59c31c80d9e140566f9a37bba7b8d556 \
    --hash=sha256:61817945f2fe7d166e75fbfb28004034b48e44878177fc54d81688e7b85a3665 \
    --hash=sha256:624e278a7d29b6445e4e813af92af37820fafb6dcc55c012c834f9e26f9aaaef \
    --hash=sha256:63e46b3169866bd62849936de036f901a9356e36376079b05efa83caeaa02ceb \
    --hash=sha256:6531b7ca5f951d663c339002e91aaebda765ec7d61b7d1e3991051906ddde119 \
    --hash=sha256:68665f4c17edcceecc112dfed5dbe6f92261fb9d6054b47d01bf6371a6196126 \
    --hash=sha256:696dd8d674d6ce621ab9d45b205df149399e4bb9aa34102c970b721554828510 \
    --hash=sha256:6f783e0ec4803c787bcea93e13e9932edab72068f68ecffdf86a99fd5918878b \
    --hash=sha256:723314c1d51722ab28bfcd5240d858512ffd3116449c557a1336cbe3919beb87 \
    --hash=sha256:74b9127ffea03643e998e0c5ad9bd3811d3dac8c676e47db17b0ee7c3c3bf35f \
    --hash=sha256:7530e201d10d7d14abce4fb54cfe5b94a0aefc87da539d0346a484ead376c3cc \
    --hash=sha256:77733e3892bb0a7fa797826361ce8a9184d25c8dffaec60b7ffe928153680ba8 \
    --hash=sha256:78ddaaa81421a29574a682b3179d4cf9e6d405a09b99d93ddcf7e5239c742e21 \
    --hash=sha256:7c9129eb40958b3d4500fa2467e6a83356b3b61bfff1b414c7361d9220f9ae8f \
    --hash=sha256:7d32706badfe136888bdea71c0def994644e09fff0bfe47441deaed8e96fdbc6 \
    --hash=sha256:81965a16b675b35e1d09dd14df53f190f9129c0202356ed44ab2728b1c905658 \
    --hash=sha256:8394d940e5d400d04cad4f75c0598665cbb81aecefaca82ca85bd28264af7f9b \
    --hash=sha256:86d2f57d3e1379a9525c5ab067b27dbb8a0642fb5d454e17a9ac434f9ce523e3 \
    --hash=sha256:883a91b5dd7d26492ff2f04f40fbb652de40fcc0afe07e8129e8ae779c2110eb \
    --hash=sha256:88ad334a15b32a791ea935af224b9de1bf99bcd62fabf745d5f3442199d86d59 \
    --hash=sha256:9261d3ce84fa1d38ed649c3638feefeae23d32ba9182963e465d58d62203bd24 \
    --hash=sha256:97df63000f4fea395b2824da80e169731088656d1818a11b95f3b173747b6cd9 \
    --hash=sha256:98d134c954828488b153d88ba1f34e14259284f256180ce659e8d83e9c05eaa3 \
    --hash=sha256:996a38a83508c54c78a5f41456b0103c30508fed9abcad0a59b876d7398f25fd \
    --hash=sha256:9a5bce9d23aac8f0cf0836ecfc033896aa8443b501c58d0602dbfd5bd5b37753 \
    --hash=sha256:9a6b5099eeec78827553827f4c6b8615978bb4b6a88e5d9b93eddf8bb6790f55 \
    --hash=sha256:9d18368b137c6295db49ce7218b1a9ba15c5bc254c96d7c9f9e924a9bc7825ad \
    --hash=sha256:a4fa4fc04dff799089689f4fd502ce7d59de529fc2f40a2c8836886c03e0175a \
    --hash=sha256:a5c7ba8ffb6d6f8f2ab08743be203654bb1aaa8c9dcb09f82ddd34eadb695605 \
    --hash=sha256:aea443fffa9fbe3af1a9ba721a87f926fe548d32cab71d188a6ede77d0ff244e \
    --hash=sha256:b10bd51f823d891193d4717448fab065733958bdb6a6b351967bd349d48d5c9b \
    --hash=sha256:ba1a0996f6c2773bd83e63f18914c1de3c9dd26d55f4ac302a7efe93fb8e7433 \
    --hash=sha256:bb2802e667b7051a1bebbfe93684841cc9351004e2badbd6411bf357ab8d5ac8 \
    --hash=sha256:cfdd16ab5e59fc31b5e906d1a3f666571abc367598e3e02c83403acabc092e07 \
    --hash=sha256:d06b0c8da4f16d1d1e352134427cb194a0a6e19ad5db9161bf32b2113409e728 \
    --hash=sha256:d0776dea117cf5272382634bd2a5c1b6eb16767c223c6a5317cd3e2a757c61a0 \
    --hash=sha256:d18ca8148bebe1b0a382a27a8ee60350091a6ddaf475fa05ef50dc35b5df6327 \
    --hash=sha256:d4488a93b071c04dc20f5cecc3631fc78b9789dd72483ba15d423b5b3689b555 \
    --hash=sha256:d5f7a395a8cf1621939692dba2a6b6a830efa6b3cee787d82c7de1ad2930de64 \
    --hash=sha256:d7a80d21d613eec45e3d41eb22f8f94ddc758a6c4720842dc74c0581f54993d6 \
    --hash=sha256:d97683ddee4723ae8c95d1eddac7c192e8c552da0c73a925a89fa8649bf13eea \
    --hash=sha256:dcedcd19a557e182628afa1d553c3895a9f825b936415d0dbd3cd0bbcfd29b4b \
    --hash=sha256:de6d1d1b9e5101508cb37ab0d972357cac5235f5c6533d1071964c47139257df \
    --hash=sha256:df49e7a0861a8c36d089c1ed57d308623d60416dab2647a4a17fe050ba85de0e \
    --hash=sha256:df933278128ea1cd77772673c73954e53a1c95a4fdf41eef97c2b779271bd0bd \
    --hash=sha256:e08277a400de01bc72436a0ccd02bdf596631411f592ad985dcee21445bd0068 \
    --hash=sha256:e38e63e6f3d1cec5a27e0afe90a085af8b6806ee208b33030e65b6516353f1a3 \
    --hash=sha256:e55541f756f9b3ee346b840103f32779c695a19826a4c442b7954550a0972040 \
    --hash=sha256:ec4e55f79b1c4ffb2eecd8a0cfba9955a2588497d96851f4c8f99aa4a1d39b12 \
    --hash=sha256:ed1a53de42fbe34853ba90513cea21673481cd81ed1be739f7f2efb931b24916 \
    --hash=sha256:ed541d70698978a20eb63d8c5d72f2cc6d7079d9d90f6b50bad07826f1320f5f \
    --hash=sha256:f09e2ff1f17c2b51f2bc76d1cc33da96298f0a036a137f5440ab3ec5360b624f \
    --hash=sha256:f220b0eea5965dec25480b6333c788fb72ce5f9129e8759ef876a1d805d00801 \
    --hash=sha256:f3e0da4ebaef65158d4dfd7d3678aad692f7666877df0002b8a522cdf088f231 \
    --hash=sha256:f455ee30a9d61d3e1a15abd5068827773d6e4dc513e795f380cdd59932c782d5 \
    --hash=sha256:f5ef8f42bec47f21d07668a043f077d507e5bf4e668d5c6dfe6aaba89de1a5b8 \
    --hash=sha256:f69a8e0b033b747bb3e36a44e7732f0c99f7edd5cea723d45bc0d6e95377ffee \
    --hash=sha256:ff02b6d461a6de369f07ec15e465a88895f3223eb75073ffea56b84d9331f607
    # via pydantic
pydantic-settings==2.5.2 \
    --hash=sha256:2c912e55fd5794a59bf8c832b9de832dcfdf4778d79ff79b708744eed499a907 \
    --hash=sha256:f90b139682bee4d2065273d5185d71d37ea46cfe57e1b5ae184fc6a0b2484ca0
    # via -r requirements-local.txt
python-dotenv==1.2.3 \
    --hash=sha256:904552145e8bfed22162c09dab1c2b9b54fefa7b23ba780f4f26ca0316b0f0d9 \
    --hash=sha256:a20a594dabeaa385725aa239d5244871c143ecb356add8a20fcf23773a6c3a35
    # via pydantic-settings
sniffio==1.3.1 \
    --hash=sha256:2f6da418d1f1e0fddd844478f41680e794e6051915791a034ff65e5f100525a2 \
    --hash=sha256:f4324edc670a0f49750a81b895f35c3adb843cca46f0530f79fc1babb23789dc
    # via httpx
sqlalchemy==2.0.35 \
    --hash=sha256:016b2e665f778f13d3c438651dd4de244214b527a275e0acf1d44c05bc6026a9 \
    --hash=sha256:032d979ce77a6c2432653322ba4cbeabf5a6837f704d16fa38b5a05d8e21fa00 \
    --hash=sha256:0375a141e1c0878103eb3d719eb6d5aa444b490c96f3fedab8471c7f6ffe70ee \
    --hash=sha256:042622a5306c23b972192283f4e22372da3b8ddf5f7aac1cc5d9c9b222ab3ff6 \
    --hash=sha256:05c3f58cf91683102f2f0265c0db3bd3892e9eedabe059720492dbaa4f922da1 \
    --hash=sha256:0630774b0977804fba4b6bbea6852ab56c14965a2b0c7fc7282c5f7d90a1ae72 \
    --hash=sha256:0f9f3f9a3763b9c4deb8c5d09c4cc52ffe49f9876af41cc1b2ad0138878453cf \
    --hash=sha256:1b56961e2d31389aaadf4906d453859f35302b4eb818d34a26fab72596076bb8 \
    --hash=sha256:22b83aed390e3099584b839b93f80a0f4a95ee7f48270c97c90acd40ee646f0b \
    --hash=sha256:25b0f63e7fcc2a6290cb5f7f5b4fc4047843504983a28856ce9b35d8f7de03cc \
    --hash=sha256:2a275a806f73e849e1c309ac11108ea1a14cd7058577aba962cd7190e27c9e3c \
    --hash=sha256:2ab3f0336c0387662ce6221ad30ab3a5e6499aab01b9790879b6578fd9b8faa1 \
    --hash=sha256:2e795c2f7d7249b75bb5f479b432a51b59041580d20599d4e112b5f2046437a3 \
    --hash=sha256:3655af10ebcc0f1e4e06c5900bb33e080d6a1fa4228f502121f28a3b1753cde5 \
    --hash=sha256:4668bd8faf7e5b71c0319407b608f278f279668f358857dbfd10ef1954ac9f90 \
    --hash=sha256:4c31943b61ed8fdd63dfd12ccc919f2bf95eefca133767db6fbbd15da62078ec \
    --hash=sha256:4fdcd72a789c1c31ed242fd8c1bcd9ea186a98ee8e5408a50e610edfef980d71 \
    --hash=sha256:627dee0c280eea91aed87b20a1f849e9ae2fe719d52cbf847c0e0ea34464b3f7 \
    --hash=sha256:67219632be22f14750f0d1c70e62f204ba69d28f62fd6432ba05ab295853de9b \
    --hash=sha256:6921ee01caf375363be5e9ae70d08ce7ca9d7e0e8983183080211a062d299468 \
    --hash=sha256:69683e02e8a9de37f17985905a5eca18ad651bf592314b4d3d799029797d0eb3 \
    --hash=sha256:6a93c5a0dfe8d34951e8a6f499a9479ffb9258123551fa007fc708ae2ac2bc5e \
    --hash=sha256:732e026240cdd1c1b2e3ac515c7a23820430ed94292ce33806a95869c46bd139 \
    --hash=sha256:7befc148de64b6060937231cbff8d01ccf0bfd75aa26383ffdf8d82b12ec04ff \
    --hash=sha256:890da8cd1941fa3dab28c5bac3b9da8502e7e366f895b3b8e500896f12f94d11 \
    --hash=sha256:89b64cd8898a3a6f642db4eb7b26d1b28a497d4022eccd7717ca066823e9fb01 \
    --hash=sha256:8a6219108a15fc6d24de499d0d515c7235c617b2540d97116b663dade1a54d62 \
    --hash=sha256:8cdf1a0dbe5ced887a9b127da4ffd7354e9c1a3b9bb330dce84df6b70ccb3a8d \
    --hash=sha256:8d625eddf7efeba2abfd9c014a22c0f6b3796e0ffb48f5d5ab106568ef01ff5a \
    --hash=sha256:93a71c8601e823236ac0e5d087e4f397874a421017b3318fd92c0b14acf2b6db \
    --hash=sha256:9509c4123491d0e63fb5e16199e09f8e262066e58903e84615c301dde8fa2e87 \
    --hash=sha256:a29762cd3d116585278ffb2e5b8cc311fb095ea278b96feef28d0b423154858e \
    --hash=sha256:a62dd5d7cc8626a3634208df458c5fe4f21200d96a74d122c83bc2015b333bc1 \
    --hash=sha256:ada603db10bb865bbe591939de854faf2c60f43c9b763e90f653224138f910d9 \
    --hash=sha256:aee110e4ef3c528f3abbc3c2018c121e708938adeeff9006428dd7c8555e9b3f \
    --hash=sha256:b76d63495b0508ab9fc23f8152bac63205d2a704cd009a2b0722f4c8e0cba8e0 \
    --hash=sha256:c0d8326269dbf944b9201911b0d9f3dc524d64779a07518199a58384c3d37a44 \
    --hash=sha256:c41411e192f8d3ea39ea70e0fae48762cd11a2244e03751a98bd3c0ca9a4e936 \
    --hash=sha256:c68fe3fcde03920c46697585620135b4ecfdfc1ed23e75cc2c2ae9f8502c10b8 \
    --hash=sha256:cb8bea573863762bbf45d1e13f87c2d2fd32cee2dbd50d050f83f87429c9e1ea \
    --hash=sha256:cc32b2990fc34380ec2f6195f33a76b6cdaa9eecf09f0c9404b74fc120aef36f \
    --hash=sha256:ccae5de2a0140d8be6838c331604f91d6fafd0735dbdcee1ac78fc8fbaba76b4 \
    --hash=sha256:d299797d75cd747e7797b1b41817111406b8b10a4f88b6e8fe5b5e59598b43b0 \
    --hash=sha256:e04b622bb8a88f10e439084486f2f6349bf4d50605ac3e445869c7ea5cf0fa8c \
    --hash=sha256:e11d7ea4d24f0a262bccf9a7cd6284c976c5369dac21db237cff59586045ab9f \
    --hash=sha256:e21f66748ab725ade40fa7af8ec8b5019c68ab00b929f6643e1b1af461eddb60 \
    --hash=sha256:eb60b026d8ad0c97917cb81d3662d0b39b8ff1335e3fabb24984c6acd0c900a2 \
    --hash=sha256:f021d334f2ca692523aaf7bbf7592ceff70c8594fad853416a81d66b35e3abf9 \
    --hash=sha256:f552023710d4b93d8fb29a91fadf97de89c5926c6bd758897875435f2a939f33
    # via
    #   -r requirements-local.txt
    #   alembic
starlette==0.38.6 \
    --hash=sha256:4517a1409e2e73ee4951214ba012052b9e16f60e90d73cfb06192c19203bbb05 \
    --hash=sha256:863a1588f5574e70a821dadefb41e4881ea451a47a3cd1b4df359d4ffefe5ead
    # via fastapi
typing-extensions==4.16.0 \
    --hash=sha256:481caa481374e813c1b176ada14e97f1f67a4539ce9cfeb3f350d78d6370c2e8 \
    --hash=sha256:dc983d19a509c94dba722ee6abd33940f7c05a89e243c47e907eb4db6f1a43e5
    # via
    #   alembic
    #   anyio
    #   fastapi
    #   psycopg
    #   pydantic
    #   pydantic-core
    #   sqlalchemy
tzdata==2026.4 \
    --hash=sha256:c2169a8b0a7a5e9674da5a135ccdfb2b3e671b333ed9fed17b41f73c34476e81 \
    --hash=sha256:f1b8bd365d8d210c55353f4d7f8d6d8561c0ba50d704b700d195a9424bba0d79
    # via psycopg
uvicorn==0.30.6 \
    --hash=sha256:4b15decdda1e72be08209e860a1e10e92439ad5b97cf44cc945fcbee66fc5788 \
    --hash=sha256:65fd46fe3fda5bdc1b03b94eb634923ff18cd35b2f084813ea79d1f103f711b5
    # via -r requirements-local.txt
